
Microsoft Visual Studio Solution File, Format Version 12.00
# Visual Studio 15
VisualStudioVersion = 15.0.28010.2050
MinimumVisualStudioVersion = 10.0.40219.1
Project("{9A19103F-16F7-4668-BE54-9A1E7A4F7556}") = "ClassLibrary1", "ClassLibrary1\ClassLibrary1.csproj", "{AA7A8A3A-79A0-4137-919E-CCE859004159}"
EndProject
Project("{9A19103F-16F7-4668-BE54-9A1E7A4F7556}") = "WebApi", "WebApi\WebApi.csproj", "{765F4AE2-9D64-4958-8FAB-8B684E21CF59}"
EndProject
Project("{9A19103F-16F7-4668-BE54-9A1E7A4F7556}") = "Yunaz.Model", "Model\Yunaz.Model.csproj", "{57B3C535-3254-4D5E-A61A-B86D6FFF2CD2}"
EndProject
Project("{9A19103F-16F7-4668-BE54-9A1E7A4F7556}") = "FrontApp", "FrontApp\FrontApp.csproj", "{95F7976D-64C3-4C4A-843D-9AD27FCA6074}"
EndProject
Global
	GlobalSection(SolutionConfigurationPlatforms) = preSolution
		Debug|Any CPU = Debug|Any CPU
		Release|Any CPU = Release|Any CPU
	EndGlobalSection
	GlobalSection(ProjectConfigurationPlatforms) = postSolution
		{AA7A8A3A-79A0-4137-919E-CCE859004159}.Debug|Any CPU.ActiveCfg = Debug|Any CPU
		{AA7A8A3A-79A0-4137-919E-CCE859004159}.Debug|Any CPU.Build.0 = Debug|Any CPU
		{AA7A8A3A-79A0-4137-919E-CCE859004159}.Release|Any CPU.ActiveCfg = Release|Any CPU
		{AA7A8A3A-79A0-4137-919E-CCE859004159}.Release|Any CPU.Build.0 = Release|Any CPU
		{765F4AE2-9D64-4958-8FAB-8B684E21CF59}.Debug|Any CPU.ActiveCfg = Debug|Any CPU
		{765F4AE2-9D64-4958-8FAB-8B684E21CF59}.Debug|Any CPU.Build.0 = Debug|Any CPU
		{765F4AE2-9D64-4958-8FAB-8B684E21CF59}.Release|Any CPU.ActiveCfg = Release|Any CPU
		{765F4AE2-9D64-4958-8FAB-8B684E21CF59}.Release|Any CPU.Build.0 = Release|Any CPU
		{57B3C535-3254-4D5E-A61A-B86D6FFF2CD2}.Debug|Any CPU.ActiveCfg = Debug|Any CPU
		{57B3C535-3254-4D5E-A61A-B86D6FFF2CD2}.Debug|Any CPU.Build.0 = Debug|Any CPU
		{57B3C535-3254-4D5E-A61A-B86D6FFF2CD2}.Release|Any CPU.ActiveCfg = Release|Any CPU
		{57B3C535-3254-4D5E-A61A-B86D6FFF2CD2}.Release|Any CPU.Build.0 = Release|Any CPU
		{95F7976D-64C3-4C4A-843D-9AD27FCA6074}.Debug|Any CPU.ActiveCfg = Debug|Any CPU
		{95F7976D-64C3-4C4A-843D-9AD27FCA6074}.Debug|Any CPU.Build.0 = Debug|Any CPU
		{95F7976D-64C3-4C4A-843D-9AD27FCA6074}.Release|Any CPU.ActiveCfg = Release|Any CPU
		{95F7976D-64C3-4C4A-843D-9AD27FCA6074}.Release|Any CPU.Build.0 = Release|Any CPU
	EndGlobalSection
	GlobalSection(SolutionProperties) = preSolution
		HideSolutionNode = FALSE
	EndGlobalSection
	GlobalSection(ExtensibilityGlobals) = postSolution
		SolutionGuid = {5C924120-5181-438A-875B-346BEC4134E5}
	EndGlobalSection
EndGlobal
